
Microsoft Visual Studio Solution File, Format Version 12.00
# Visual Studio Version 16
VisualStudioVersion = 16.0.30204.135
MinimumVisualStudioVersion = 10.0.40219.1
Project("{FAE04EC0-301F-11D3-BF4B-00C04F79EFBC}") = "Pars", "Pars.csproj", "{782E740F-196D-4680-8CCC-E0B725CACCCA}"
EndProject
Global
	GlobalSection(SolutionConfigurationPlatforms) = preSolution
		Debug|Any CPU = Debug|Any CPU
		Release|Any CPU = Release|Any CPU
	EndGlobalSection
	GlobalSection(ProjectConfigurationPlatforms) = postSolution
		{782E740F-196D-4680-8CCC-E0B725CACCCA}.Debug|Any CPU.ActiveCfg = Debug|Any CPU
		{782E740F-196D-4680-8CCC-E0B725CACCCA}.Debug|Any CPU.Build.0 = Debug|Any CPU
		{782E740F-196D-4680-8CCC-E0B725CACCCA}.Release|Any CPU.ActiveCfg = Release|Any CPU
		{782E740F-196D-4680-8CCC-E0B725CACCCA}.Release|Any CPU.Build.0 = Release|Any CPU
	EndGlobalSection
	GlobalSection(SolutionProperties) = preSolution
		HideSolutionNode = FALSE
	EndGlobalSection
	GlobalSection(ExtensibilityGlobals) = postSolution
		SolutionGuid = {91AB1961-B2EC-4486-B8F1-44B6F8E1F34F}
	EndGlobalSection
EndGlobal
